# THIS IS AN AUTOGENERATED FILE. DO NOT EDIT THIS FILE DIRECTLY.
# yarn lockfile v1


react-native-zigzag-lines@^0.2.0:
  version "0.2.0"
  resolved "https://registry.yarnpkg.com/react-native-zigzag-lines/-/react-native-zigzag-lines-0.2.0.tgz#38aed17e5d7329d79c79cc9b2cad7c53425e8713"
  integrity sha512-oVxxF6c4rG8T4kNLFCZD5GbVOqsa8A7tHknSSnvA9H1SkIuKonYBkmFSU3VU1nfnrXr0VRhhQjeMF4n08izPRQ==
